
Microsoft Visual Studio Solution File, Format Version 12.00
# Visual Studio Version 17
VisualStudioVersion = 17.0.31903.59
MinimumVisualStudioVersion = 10.0.40219.1
Project("{2150E333-8FDC-42A3-9474-1A3956D46DE8}") = "Common", "Common", "{881589EE-639B-0A35-DBCE-5D94E4FC90C0}"
EndProject
Project("{FAE04EC0-301F-11D3-BF4B-00C04F79EFBC}") = "Examples.Common", "Common\Examples.Common.csproj", "{E62A732B-740E-479A-918C-17BE95374A7A}"
EndProject
Project("{2150E333-8FDC-42A3-9474-1A3956D46DE8}") = "MuPDF.NET", "MuPDF.NET", "{C9700E2F-F6F1-A264-19EE-D9EB5C62093D}"
EndProject
Project("{FAE04EC0-301F-11D3-BF4B-00C04F79EFBC}") = "01-OpenSave", "MuPDF.NET\01-OpenSave\01-OpenSave.csproj", "{9E9073C7-139D-4AFC-808D-C2E39AFD04E4}"
EndProject
Project("{FAE04EC0-301F-11D3-BF4B-00C04F79EFBC}") = "03-RenderPixmap", "MuPDF.NET\03-RenderPixmap\03-RenderPixmap.csproj", "{45B13D8B-5B81-49C3-82D3-C6295D0DFBCF}"
EndProject
Project("{FAE04EC0-301F-11D3-BF4B-00C04F79EFBC}") = "04-TextExtractSearch", "MuPDF.NET\04-TextExtractSearch\04-TextExtractSearch.csproj", "{9D259784-603E-4F96-A2E4-360E291D1D6C}"
EndProject
Project("{2150E333-8FDC-42A3-9474-1A3956D46DE8}") = "MuPDF.NET.PDF4LLM", "MuPDF.NET.PDF4LLM", "{EEFA252F-3CE0-C131-3F8C-AF1C5E35DF91}"
EndProject
Project("{FAE04EC0-301F-11D3-BF4B-00C04F79EFBC}") = "01-ToMarkdown", "MuPDF.NET.PDF4LLM\01-ToMarkdown\01-ToMarkdown.csproj", "{A37158B5-8404-4E04-B63F-EA26B237FD42}"
EndProject
Project("{2150E333-8FDC-42A3-9474-1A3956D46DE8}") = "MuPDF.NET.Office", "MuPDF.NET.Office", "{188FE78A-9273-6FA7-91AA-4C340983034C}"
EndProject
Project("{FAE04EC0-301F-11D3-BF4B-00C04F79EFBC}") = "01-UnlockFonts", "MuPDF.NET.Office\01-UnlockFonts\01-UnlockFonts.csproj", "{37DF7393-B6F0-45CA-B436-ED84B6D6B107}"
EndProject
Project("{FAE04EC0-301F-11D3-BF4B-00C04F79EFBC}") = "03-ExportToPdf", "MuPDF.NET.Office\03-ExportToPdf\03-ExportToPdf.csproj", "{0039A67F-3F7A-428F-A63F-F5AC7CE75ADF}"
EndProject
Project("{FAE04EC0-301F-11D3-BF4B-00C04F79EFBC}") = "05-WithPdf4Llm", "MuPDF.NET.Office\05-WithPdf4Llm\05-WithPdf4Llm.csproj", "{6A17E833-F897-4075-A9E6-CFED5AED1858}"
EndProject
Project("{FAE04EC0-301F-11D3-BF4B-00C04F79EFBC}") = "02-PagesMergeSplit", "MuPDF.NET\02-PagesMergeSplit\02-PagesMergeSplit.csproj", "{FEE4A8EC-B1FB-4F40-A833-0AEE08B1DDA5}"
EndProject
Project("{FAE04EC0-301F-11D3-BF4B-00C04F79EFBC}") = "07-AnnotationsRedact", "MuPDF.NET\07-AnnotationsRedact\07-AnnotationsRedact.csproj", "{6F05EB9E-8CFE-4BD8-9E34-893D4F13DD10}"
EndProject
Project("{FAE04EC0-301F-11D3-BF4B-00C04F79EFBC}") = "02-ToJsonLayout", "MuPDF.NET.PDF4LLM\02-ToJsonLayout\02-ToJsonLayout.csproj", "{E86B329B-216B-4261-A730-2F310059ADCC}"
EndProject
Project("{FAE04EC0-301F-11D3-BF4B-00C04F79EFBC}") = "04-Ocr", "MuPDF.NET.PDF4LLM\04-Ocr\04-Ocr.csproj", "{AE3BB780-FD58-476F-B1BE-3CA147773E28}"
EndProject
Project("{FAE04EC0-301F-11D3-BF4B-00C04F79EFBC}") = "02-OpenHwpxDocx", "MuPDF.NET.Office\02-OpenHwpxDocx\02-OpenHwpxDocx.csproj", "{98BD15E6-71A0-45FB-AD6B-6B634C7B4B24}"
EndProject
Project("{FAE04EC0-301F-11D3-BF4B-00C04F79EFBC}") = "04-ExportToMarkdownJson", "MuPDF.NET.Office\04-ExportToMarkdownJson\04-ExportToMarkdownJson.csproj", "{4C49A93B-86F9-4064-AE84-E205A3290640}"
EndProject
Project("{FAE04EC0-301F-11D3-BF4B-00C04F79EFBC}") = "08-FormWidgets", "MuPDF.NET\08-FormWidgets\08-FormWidgets.csproj", "{F36EF875-752F-446E-9A03-9711B262F220}"
EndProject
Project("{FAE04EC0-301F-11D3-BF4B-00C04F79EFBC}") = "09-InsertImage", "MuPDF.NET\09-InsertImage\09-InsertImage.csproj", "{A06BB5B9-E130-4870-9A6E-B222EA900A30}"
EndProject
Project("{FAE04EC0-301F-11D3-BF4B-00C04F79EFBC}") = "11-Tables", "MuPDF.NET\11-Tables\11-Tables.csproj", "{BA6DBFAA-9CB7-4768-A7B6-14A548FD4F5A}"
EndProject
Project("{FAE04EC0-301F-11D3-BF4B-00C04F79EFBC}") = "12-Barcodes", "MuPDF.NET\12-Barcodes\12-Barcodes.csproj", "{D34E826E-F2C3-4D92-AC89-A36EB1F5F801}"
EndProject
Project("{FAE04EC0-301F-11D3-BF4B-00C04F79EFBC}") = "03-ToText", "MuPDF.NET.PDF4LLM\03-ToText\03-ToText.csproj", "{2FF073D1-2089-4BA2-9CA9-918BE6AC6970}"
EndProject
Project("{FAE04EC0-301F-11D3-BF4B-00C04F79EFBC}") = "05-TablesCsv", "MuPDF.NET.PDF4LLM\05-TablesCsv\05-TablesCsv.csproj", "{53E196FD-3356-45EA-ACD3-CDEA84A5E5A1}"
EndProject
Project("{FAE04EC0-301F-11D3-BF4B-00C04F79EFBC}") = "05-Recolor", "MuPDF.NET\05-Recolor\05-Recolor.csproj", "{2C4F2AFE-EECB-4C27-B28E-09FD0147A41A}"
EndProject
Project("{FAE04EC0-301F-11D3-BF4B-00C04F79EFBC}") = "06-StoryHtmlBox", "MuPDF.NET\06-StoryHtmlBox\06-StoryHtmlBox.csproj", "{063E4EC8-05EE-4134-AB10-2320B88EB0A7}"
EndProject
Project("{FAE04EC0-301F-11D3-BF4B-00C04F79EFBC}") = "10-OutlineLinks", "MuPDF.NET\10-OutlineLinks\10-OutlineLinks.csproj", "{1D2E550F-BCF0-4FC2-B74B-A50988D04229}"
EndProject
Project("{FAE04EC0-301F-11D3-BF4B-00C04F79EFBC}") = "13-EmbeddedFiles", "MuPDF.NET\13-EmbeddedFiles\13-EmbeddedFiles.csproj", "{319870ED-F42D-4089-BE2B-C6138D67E531}"
EndProject
Project("{FAE04EC0-301F-11D3-BF4B-00C04F79EFBC}") = "06-LlamaMarkdownReader", "MuPDF.NET.PDF4LLM\06-LlamaMarkdownReader\06-LlamaMarkdownReader.csproj", "{CF033B84-95AC-4250-BF8A-4D615429F3EB}"
EndProject
Project("{FAE04EC0-301F-11D3-BF4B-00C04F79EFBC}") = "14-Metadata", "MuPDF.NET\14-Metadata\14-Metadata.csproj", "{CDFF821D-EB6F-4622-821D-F6AD1E5F7F4B}"
EndProject
Project("{FAE04EC0-301F-11D3-BF4B-00C04F79EFBC}") = "15-TextWriter", "MuPDF.NET\15-TextWriter\15-TextWriter.csproj", "{495D6005-C265-4D3B-8E90-DFDE60D2EDAA}"
EndProject
Project("{FAE04EC0-301F-11D3-BF4B-00C04F79EFBC}") = "16-DrawShapes", "MuPDF.NET\16-DrawShapes\16-DrawShapes.csproj", "{57D00261-2BA7-467B-A890-5F78E32122DC}"
EndProject
Project("{FAE04EC0-301F-11D3-BF4B-00C04F79EFBC}") = "17-ReplaceImage", "MuPDF.NET\17-ReplaceImage\17-ReplaceImage.csproj", "{9BBCA112-32B2-4515-9752-0146F251A377}"
EndProject
Project("{FAE04EC0-301F-11D3-BF4B-00C04F79EFBC}") = "18-ZugferdEmbedded", "MuPDF.NET\18-ZugferdEmbedded\18-ZugferdEmbedded.csproj", "{BAC4EBFB-4F0F-4770-9408-3748EF27AC17}"
EndProject
Project("{FAE04EC0-301F-11D3-BF4B-00C04F79EFBC}") = "07-GetKeyValues", "MuPDF.NET.PDF4LLM\07-GetKeyValues\07-GetKeyValues.csproj", "{70BFCFDD-7DB4-4875-9933-21229B4D8D8D}"
EndProject
Project("{FAE04EC0-301F-11D3-BF4B-00C04F79EFBC}") = "19-ColorManagement", "MuPDF.NET\19-ColorManagement\19-ColorManagement.csproj", "{83B6F2DC-0358-4720-9CBD-36027D988228}"
EndProject
Project("{FAE04EC0-301F-11D3-BF4B-00C04F79EFBC}") = "08-MarkdownToPdf", "MuPDF.NET.PDF4LLM\08-MarkdownToPdf\08-MarkdownToPdf.csproj", "{86ED3702-826C-4D74-99F4-830C8F66923A}"
EndProject
Project("{FAE04EC0-301F-11D3-BF4B-00C04F79EFBC}") = "20-RewriteImages", "MuPDF.NET\20-RewriteImages\20-RewriteImages.csproj", "{DF2CCA78-AEA9-4425-9160-A4487C8AB70E}"
EndProject
Global
	GlobalSection(SolutionConfigurationPlatforms) = preSolution
		Debug|Any CPU = Debug|Any CPU
		Debug|x64 = Debug|x64
		Debug|x86 = Debug|x86
		Release|Any CPU = Release|Any CPU
		Release|x64 = Release|x64
		Release|x86 = Release|x86
	EndGlobalSection
	GlobalSection(ProjectConfigurationPlatforms) = postSolution
		{E62A732B-740E-479A-918C-17BE95374A7A}.Debug|Any CPU.ActiveCfg = Debug|Any CPU
		{E62A732B-740E-479A-918C-17BE95374A7A}.Debug|Any CPU.Build.0 = Debug|Any CPU
		{E62A732B-740E-479A-918C-17BE95374A7A}.Debug|x64.ActiveCfg = Debug|Any CPU
		{E62A732B-740E-479A-918C-17BE95374A7A}.Debug|x64.Build.0 = Debug|Any CPU
		{E62A732B-740E-479A-918C-17BE95374A7A}.Debug|x86.ActiveCfg = Debug|Any CPU
		{E62A732B-740E-479A-918C-17BE95374A7A}.Debug|x86.Build.0 = Debug|Any CPU
		{E62A732B-740E-479A-918C-17BE95374A7A}.Release|Any CPU.ActiveCfg = Release|Any CPU
		{E62A732B-740E-479A-918C-17BE95374A7A}.Release|Any CPU.Build.0 = Release|Any CPU
		{E62A732B-740E-479A-918C-17BE95374A7A}.Release|x64.ActiveCfg = Release|Any CPU
		{E62A732B-740E-479A-918C-17BE95374A7A}.Release|x64.Build.0 = Release|Any CPU
		{E62A732B-740E-479A-918C-17BE95374A7A}.Release|x86.ActiveCfg = Release|Any CPU
		{E62A732B-740E-479A-918C-17BE95374A7A}.Release|x86.Build.0 = Release|Any CPU
		{9E9073C7-139D-4AFC-808D-C2E39AFD04E4}.Debug|Any CPU.ActiveCfg = Debug|Any CPU
		{9E9073C7-139D-4AFC-808D-C2E39AFD04E4}.Debug|Any CPU.Build.0 = Debug|Any CPU
		{9E9073C7-139D-4AFC-808D-C2E39AFD04E4}.Debug|x64.ActiveCfg = Debug|Any CPU
		{9E9073C7-139D-4AFC-808D-C2E39AFD04E4}.Debug|x64.Build.0 = Debug|Any CPU
		{9E9073C7-139D-4AFC-808D-C2E39AFD04E4}.Debug|x86.ActiveCfg = Debug|Any CPU
		{9E9073C7-139D-4AFC-808D-C2E39AFD04E4}.Debug|x86.Build.0 = Debug|Any CPU
		{9E9073C7-139D-4AFC-808D-C2E39AFD04E4}.Release|Any CPU.ActiveCfg = Release|Any CPU
		{9E9073C7-139D-4AFC-808D-C2E39AFD04E4}.Release|Any CPU.Build.0 = Release|Any CPU
		{9E9073C7-139D-4AFC-808D-C2E39AFD04E4}.Release|x64.ActiveCfg = Release|Any CPU
		{9E9073C7-139D-4AFC-808D-C2E39AFD04E4}.Release|x64.Build.0 = Release|Any CPU
		{9E9073C7-139D-4AFC-808D-C2E39AFD04E4}.Release|x86.ActiveCfg = Release|Any CPU
		{9E9073C7-139D-4AFC-808D-C2E39AFD04E4}.Release|x86.Build.0 = Release|Any CPU
		{45B13D8B-5B81-49C3-82D3-C6295D0DFBCF}.Debug|Any CPU.ActiveCfg = Debug|Any CPU
		{45B13D8B-5B81-49C3-82D3-C6295D0DFBCF}.Debug|Any CPU.Build.0 = Debug|Any CPU
		{45B13D8B-5B81-49C3-82D3-C6295D0DFBCF}.Debug|x64.ActiveCfg = Debug|Any CPU
		{45B13D8B-5B81-49C3-82D3-C6295D0DFBCF}.Debug|x64.Build.0 = Debug|Any CPU
		{45B13D8B-5B81-49C3-82D3-C6295D0DFBCF}.Debug|x86.ActiveCfg = Debug|Any CPU
		{45B13D8B-5B81-49C3-82D3-C6295D0DFBCF}.Debug|x86.Build.0 = Debug|Any CPU
		{45B13D8B-5B81-49C3-82D3-C6295D0DFBCF}.Release|Any CPU.ActiveCfg = Release|Any CPU
		{45B13D8B-5B81-49C3-82D3-C6295D0DFBCF}.Release|Any CPU.Build.0 = Release|Any CPU
		{45B13D8B-5B81-49C3-82D3-C6295D0DFBCF}.Release|x64.ActiveCfg = Release|Any CPU
		{45B13D8B-5B81-49C3-82D3-C6295D0DFBCF}.Release|x64.Build.0 = Release|Any CPU
		{45B13D8B-5B81-49C3-82D3-C6295D0DFBCF}.Release|x86.ActiveCfg = Release|Any CPU
		{45B13D8B-5B81-49C3-82D3-C6295D0DFBCF}.Release|x86.Build.0 = Release|Any CPU
		{9D259784-603E-4F96-A2E4-360E291D1D6C}.Debug|Any CPU.ActiveCfg = Debug|Any CPU
		{9D259784-603E-4F96-A2E4-360E291D1D6C}.Debug|Any CPU.Build.0 = Debug|Any CPU
		{9D259784-603E-4F96-A2E4-360E291D1D6C}.Debug|x64.ActiveCfg = Debug|Any CPU
		{9D259784-603E-4F96-A2E4-360E291D1D6C}.Debug|x64.Build.0 = Debug|Any CPU
		{9D259784-603E-4F96-A2E4-360E291D1D6C}.Debug|x86.ActiveCfg = Debug|Any CPU
		{9D259784-603E-4F96-A2E4-360E291D1D6C}.Debug|x86.Build.0 = Debug|Any CPU
		{9D259784-603E-4F96-A2E4-360E291D1D6C}.Release|Any CPU.ActiveCfg = Release|Any CPU
		{9D259784-603E-4F96-A2E4-360E291D1D6C}.Release|Any CPU.Build.0 = Release|Any CPU
		{9D259784-603E-4F96-A2E4-360E291D1D6C}.Release|x64.ActiveCfg = Release|Any CPU
		{9D259784-603E-4F96-A2E4-360E291D1D6C}.Release|x64.Build.0 = Release|Any CPU
		{9D259784-603E-4F96-A2E4-360E291D1D6C}.Release|x86.ActiveCfg = Release|Any CPU
		{9D259784-603E-4F96-A2E4-360E291D1D6C}.Release|x86.Build.0 = Release|Any CPU
		{A37158B5-8404-4E04-B63F-EA26B237FD42}.Debug|Any CPU.ActiveCfg = Debug|Any CPU
		{A37158B5-8404-4E04-B63F-EA26B237FD42}.Debug|Any CPU.Build.0 = Debug|Any CPU
		{A37158B5-8404-4E04-B63F-EA26B237FD42}.Debug|x64.ActiveCfg = Debug|Any CPU
		{A37158B5-8404-4E04-B63F-EA26B237FD42}.Debug|x64.Build.0 = Debug|Any CPU
		{A37158B5-8404-4E04-B63F-EA26B237FD42}.Debug|x86.ActiveCfg = Debug|Any CPU
		{A37158B5-8404-4E04-B63F-EA26B237FD42}.Debug|x86.Build.0 = Debug|Any CPU
		{A37158B5-8404-4E04-B63F-EA26B237FD42}.Release|Any CPU.ActiveCfg = Release|Any CPU
		{A37158B5-8404-4E04-B63F-EA26B237FD42}.Release|Any CPU.Build.0 = Release|Any CPU
		{A37158B5-8404-4E04-B63F-EA26B237FD42}.Release|x64.ActiveCfg = Release|Any CPU
		{A37158B5-8404-4E04-B63F-EA26B237FD42}.Release|x64.Build.0 = Release|Any CPU
		{A37158B5-8404-4E04-B63F-EA26B237FD42}.Release|x86.ActiveCfg = Release|Any CPU
		{A37158B5-8404-4E04-B63F-EA26B237FD42}.Release|x86.Build.0 = Release|Any CPU
		{37DF7393-B6F0-45CA-B436-ED84B6D6B107}.Debug|Any CPU.ActiveCfg = Debug|Any CPU
		{37DF7393-B6F0-45CA-B436-ED84B6D6B107}.Debug|Any CPU.Build.0 = Debug|Any CPU
		{37DF7393-B6F0-45CA-B436-ED84B6D6B107}.Debug|x64.ActiveCfg = Debug|Any CPU
		{37DF7393-B6F0-45CA-B436-ED84B6D6B107}.Debug|x64.Build.0 = Debug|Any CPU
		{37DF7393-B6F0-45CA-B436-ED84B6D6B107}.Debug|x86.ActiveCfg = Debug|Any CPU
		{37DF7393-B6F0-45CA-B436-ED84B6D6B107}.Debug|x86.Build.0 = Debug|Any CPU
		{37DF7393-B6F0-45CA-B436-ED84B6D6B107}.Release|Any CPU.ActiveCfg = Release|Any CPU
		{37DF7393-B6F0-45CA-B436-ED84B6D6B107}.Release|Any CPU.Build.0 = Release|Any CPU
		{37DF7393-B6F0-45CA-B436-ED84B6D6B107}.Release|x64.ActiveCfg = Release|Any CPU
		{37DF7393-B6F0-45CA-B436-ED84B6D6B107}.Release|x64.Build.0 = Release|Any CPU
		{37DF7393-B6F0-45CA-B436-ED84B6D6B107}.Release|x86.ActiveCfg = Release|Any CPU
		{37DF7393-B6F0-45CA-B436-ED84B6D6B107}.Release|x86.Build.0 = Release|Any CPU
		{0039A67F-3F7A-428F-A63F-F5AC7CE75ADF}.Debug|Any CPU.ActiveCfg = Debug|Any CPU
		{0039A67F-3F7A-428F-A63F-F5AC7CE75ADF}.Debug|Any CPU.Build.0 = Debug|Any CPU
		{0039A67F-3F7A-428F-A63F-F5AC7CE75ADF}.Debug|x64.ActiveCfg = Debug|Any CPU
		{0039A67F-3F7A-428F-A63F-F5AC7CE75ADF}.Debug|x64.Build.0 = Debug|Any CPU
		{0039A67F-3F7A-428F-A63F-F5AC7CE75ADF}.Debug|x86.ActiveCfg = Debug|Any CPU
		{0039A67F-3F7A-428F-A63F-F5AC7CE75ADF}.Debug|x86.Build.0 = Debug|Any CPU
		{0039A67F-3F7A-428F-A63F-F5AC7CE75ADF}.Release|Any CPU.ActiveCfg = Release|Any CPU
		{0039A67F-3F7A-428F-A63F-F5AC7CE75ADF}.Release|Any CPU.Build.0 = Release|Any CPU
		{0039A67F-3F7A-428F-A63F-F5AC7CE75ADF}.Release|x64.ActiveCfg = Release|Any CPU
		{0039A67F-3F7A-428F-A63F-F5AC7CE75ADF}.Release|x64.Build.0 = Release|Any CPU
		{0039A67F-3F7A-428F-A63F-F5AC7CE75ADF}.Release|x86.ActiveCfg = Release|Any CPU
		{0039A67F-3F7A-428F-A63F-F5AC7CE75ADF}.Release|x86.Build.0 = Release|Any CPU
		{6A17E833-F897-4075-A9E6-CFED5AED1858}.Debug|Any CPU.ActiveCfg = Debug|Any CPU
		{6A17E833-F897-4075-A9E6-CFED5AED1858}.Debug|Any CPU.Build.0 = Debug|Any CPU
		{6A17E833-F897-4075-A9E6-CFED5AED1858}.Debug|x64.ActiveCfg = Debug|Any CPU
		{6A17E833-F897-4075-A9E6-CFED5AED1858}.Debug|x64.Build.0 = Debug|Any CPU
		{6A17E833-F897-4075-A9E6-CFED5AED1858}.Debug|x86.ActiveCfg = Debug|Any CPU
		{6A17E833-F897-4075-A9E6-CFED5AED1858}.Debug|x86.Build.0 = Debug|Any CPU
		{6A17E833-F897-4075-A9E6-CFED5AED1858}.Release|Any CPU.ActiveCfg = Release|Any CPU
		{6A17E833-F897-4075-A9E6-CFED5AED1858}.Release|Any CPU.Build.0 = Release|Any CPU
		{6A17E833-F897-4075-A9E6-CFED5AED1858}.Release|x64.ActiveCfg = Release|Any CPU
		{6A17E833-F897-4075-A9E6-CFED5AED1858}.Release|x64.Build.0 = Release|Any CPU
		{6A17E833-F897-4075-A9E6-CFED5AED1858}.Release|x86.ActiveCfg = Release|Any CPU
		{6A17E833-F897-4075-A9E6-CFED5AED1858}.Release|x86.Build.0 = Release|Any CPU
		{FEE4A8EC-B1FB-4F40-A833-0AEE08B1DDA5}.Debug|Any CPU.ActiveCfg = Debug|Any CPU
		{FEE4A8EC-B1FB-4F40-A833-0AEE08B1DDA5}.Debug|Any CPU.Build.0 = Debug|Any CPU
		{FEE4A8EC-B1FB-4F40-A833-0AEE08B1DDA5}.Debug|x64.ActiveCfg = Debug|Any CPU
		{FEE4A8EC-B1FB-4F40-A833-0AEE08B1DDA5}.Debug|x64.Build.0 = Debug|Any CPU
		{FEE4A8EC-B1FB-4F40-A833-0AEE08B1DDA5}.Debug|x86.ActiveCfg = Debug|Any CPU
		{FEE4A8EC-B1FB-4F40-A833-0AEE08B1DDA5}.Debug|x86.Build.0 = Debug|Any CPU
		{FEE4A8EC-B1FB-4F40-A833-0AEE08B1DDA5}.Release|Any CPU.ActiveCfg = Release|Any CPU
		{FEE4A8EC-B1FB-4F40-A833-0AEE08B1DDA5}.Release|Any CPU.Build.0 = Release|Any CPU
		{FEE4A8EC-B1FB-4F40-A833-0AEE08B1DDA5}.Release|x64.ActiveCfg = Release|Any CPU
		{FEE4A8EC-B1FB-4F40-A833-0AEE08B1DDA5}.Release|x64.Build.0 = Release|Any CPU
		{FEE4A8EC-B1FB-4F40-A833-0AEE08B1DDA5}.Release|x86.ActiveCfg = Release|Any CPU
		{FEE4A8EC-B1FB-4F40-A833-0AEE08B1DDA5}.Release|x86.Build.0 = Release|Any CPU
		{6F05EB9E-8CFE-4BD8-9E34-893D4F13DD10}.Debug|Any CPU.ActiveCfg = Debug|Any CPU
		{6F05EB9E-8CFE-4BD8-9E34-893D4F13DD10}.Debug|Any CPU.Build.0 = Debug|Any CPU
		{6F05EB9E-8CFE-4BD8-9E34-893D4F13DD10}.Debug|x64.ActiveCfg = Debug|Any CPU
		{6F05EB9E-8CFE-4BD8-9E34-893D4F13DD10}.Debug|x64.Build.0 = Debug|Any CPU
		{6F05EB9E-8CFE-4BD8-9E34-893D4F13DD10}.Debug|x86.ActiveCfg = Debug|Any CPU
		{6F05EB9E-8CFE-4BD8-9E34-893D4F13DD10}.Debug|x86.Build.0 = Debug|Any CPU
		{6F05EB9E-8CFE-4BD8-9E34-893D4F13DD10}.Release|Any CPU.ActiveCfg = Release|Any CPU
		{6F05EB9E-8CFE-4BD8-9E34-893D4F13DD10}.Release|Any CPU.Build.0 = Release|Any CPU
		{6F05EB9E-8CFE-4BD8-9E34-893D4F13DD10}.Release|x64.ActiveCfg = Release|Any CPU
		{6F05EB9E-8CFE-4BD8-9E34-893D4F13DD10}.Release|x64.Build.0 = Release|Any CPU
		{6F05EB9E-8CFE-4BD8-9E34-893D4F13DD10}.Release|x86.ActiveCfg = Release|Any CPU
		{6F05EB9E-8CFE-4BD8-9E34-893D4F13DD10}.Release|x86.Build.0 = Release|Any CPU
		{E86B329B-216B-4261-A730-2F310059ADCC}.Debug|Any CPU.ActiveCfg = Debug|Any CPU
		{E86B329B-216B-4261-A730-2F310059ADCC}.Debug|Any CPU.Build.0 = Debug|Any CPU
		{E86B329B-216B-4261-A730-2F310059ADCC}.Debug|x64.ActiveCfg = Debug|Any CPU
		{E86B329B-216B-4261-A730-2F310059ADCC}.Debug|x64.Build.0 = Debug|Any CPU
		{E86B329B-216B-4261-A730-2F310059ADCC}.Debug|x86.ActiveCfg = Debug|Any CPU
		{E86B329B-216B-4261-A730-2F310059ADCC}.Debug|x86.Build.0 = Debug|Any CPU
		{E86B329B-216B-4261-A730-2F310059ADCC}.Release|Any CPU.ActiveCfg = Release|Any CPU
		{E86B329B-216B-4261-A730-2F310059ADCC}.Release|Any CPU.Build.0 = Release|Any CPU
		{E86B329B-216B-4261-A730-2F310059ADCC}.Release|x64.ActiveCfg = Release|Any CPU
		{E86B329B-216B-4261-A730-2F310059ADCC}.Release|x64.Build.0 = Release|Any CPU
		{E86B329B-216B-4261-A730-2F310059ADCC}.Release|x86.ActiveCfg = Release|Any CPU
		{E86B329B-216B-4261-A730-2F310059ADCC}.Release|x86.Build.0 = Release|Any CPU
		{AE3BB780-FD58-476F-B1BE-3CA147773E28}.Debug|Any CPU.ActiveCfg = Debug|Any CPU
		{AE3BB780-FD58-476F-B1BE-3CA147773E28}.Debug|Any CPU.Build.0 = Debug|Any CPU
		{AE3BB780-FD58-476F-B1BE-3CA147773E28}.Debug|x64.ActiveCfg = Debug|Any CPU
		{AE3BB780-FD58-476F-B1BE-3CA147773E28}.Debug|x64.Build.0 = Debug|Any CPU
		{AE3BB780-FD58-476F-B1BE-3CA147773E28}.Debug|x86.ActiveCfg = Debug|Any CPU
		{AE3BB780-FD58-476F-B1BE-3CA147773E28}.Debug|x86.Build.0 = Debug|Any CPU
		{AE3BB780-FD58-476F-B1BE-3CA147773E28}.Release|Any CPU.ActiveCfg = Release|Any CPU
		{AE3BB780-FD58-476F-B1BE-3CA147773E28}.Release|Any CPU.Build.0 = Release|Any CPU
		{AE3BB780-FD58-476F-B1BE-3CA147773E28}.Release|x64.ActiveCfg = Release|Any CPU
		{AE3BB780-FD58-476F-B1BE-3CA147773E28}.Release|x64.Build.0 = Release|Any CPU
		{AE3BB780-FD58-476F-B1BE-3CA147773E28}.Release|x86.ActiveCfg = Release|Any CPU
		{AE3BB780-FD58-476F-B1BE-3CA147773E28}.Release|x86.Build.0 = Release|Any CPU
		{98BD15E6-71A0-45FB-AD6B-6B634C7B4B24}.Debug|Any CPU.ActiveCfg = Debug|Any CPU
		{98BD15E6-71A0-45FB-AD6B-6B634C7B4B24}.Debug|Any CPU.Build.0 = Debug|Any CPU
		{98BD15E6-71A0-45FB-AD6B-6B634C7B4B24}.Debug|x64.ActiveCfg = Debug|Any CPU
		{98BD15E6-71A0-45FB-AD6B-6B634C7B4B24}.Debug|x64.Build.0 = Debug|Any CPU
		{98BD15E6-71A0-45FB-AD6B-6B634C7B4B24}.Debug|x86.ActiveCfg = Debug|Any CPU
		{98BD15E6-71A0-45FB-AD6B-6B634C7B4B24}.Debug|x86.Build.0 = Debug|Any CPU
		{98BD15E6-71A0-45FB-AD6B-6B634C7B4B24}.Release|Any CPU.ActiveCfg = Release|Any CPU
		{98BD15E6-71A0-45FB-AD6B-6B634C7B4B24}.Release|Any CPU.Build.0 = Release|Any CPU
		{98BD15E6-71A0-45FB-AD6B-6B634C7B4B24}.Release|x64.ActiveCfg = Release|Any CPU
		{98BD15E6-71A0-45FB-AD6B-6B634C7B4B24}.Release|x64.Build.0 = Release|Any CPU
		{98BD15E6-71A0-45FB-AD6B-6B634C7B4B24}.Release|x86.ActiveCfg = Release|Any CPU
		{98BD15E6-71A0-45FB-AD6B-6B634C7B4B24}.Release|x86.Build.0 = Release|Any CPU
		{4C49A93B-86F9-4064-AE84-E205A3290640}.Debug|Any CPU.ActiveCfg = Debug|Any CPU
		{4C49A93B-86F9-4064-AE84-E205A3290640}.Debug|Any CPU.Build.0 = Debug|Any CPU
		{4C49A93B-86F9-4064-AE84-E205A3290640}.Debug|x64.ActiveCfg = Debug|Any CPU
		{4C49A93B-86F9-4064-AE84-E205A3290640}.Debug|x64.Build.0 = Debug|Any CPU
		{4C49A93B-86F9-4064-AE84-E205A3290640}.Debug|x86.ActiveCfg = Debug|Any CPU
		{4C49A93B-86F9-4064-AE84-E205A3290640}.Debug|x86.Build.0 = Debug|Any CPU
		{4C49A93B-86F9-4064-AE84-E205A3290640}.Release|Any CPU.ActiveCfg = Release|Any CPU
		{4C49A93B-86F9-4064-AE84-E205A3290640}.Release|Any CPU.Build.0 = Release|Any CPU
		{4C49A93B-86F9-4064-AE84-E205A3290640}.Release|x64.ActiveCfg = Release|Any CPU
		{4C49A93B-86F9-4064-AE84-E205A3290640}.Release|x64.Build.0 = Release|Any CPU
		{4C49A93B-86F9-4064-AE84-E205A3290640}.Release|x86.ActiveCfg = Release|Any CPU
		{4C49A93B-86F9-4064-AE84-E205A3290640}.Release|x86.Build.0 = Release|Any CPU
		{F36EF875-752F-446E-9A03-9711B262F220}.Debug|Any CPU.ActiveCfg = Debug|Any CPU
		{F36EF875-752F-446E-9A03-9711B262F220}.Debug|Any CPU.Build.0 = Debug|Any CPU
		{F36EF875-752F-446E-9A03-9711B262F220}.Debug|x64.ActiveCfg = Debug|Any CPU
		{F36EF875-752F-446E-9A03-9711B262F220}.Debug|x64.Build.0 = Debug|Any CPU
		{F36EF875-752F-446E-9A03-9711B262F220}.Debug|x86.ActiveCfg = Debug|Any CPU
		{F36EF875-752F-446E-9A03-9711B262F220}.Debug|x86.Build.0 = Debug|Any CPU
		{F36EF875-752F-446E-9A03-9711B262F220}.Release|Any CPU.ActiveCfg = Release|Any CPU
		{F36EF875-752F-446E-9A03-9711B262F220}.Release|Any CPU.Build.0 = Release|Any CPU
		{F36EF875-752F-446E-9A03-9711B262F220}.Release|x64.ActiveCfg = Release|Any CPU
		{F36EF875-752F-446E-9A03-9711B262F220}.Release|x64.Build.0 = Release|Any CPU
		{F36EF875-752F-446E-9A03-9711B262F220}.Release|x86.ActiveCfg = Release|Any CPU
		{F36EF875-752F-446E-9A03-9711B262F220}.Release|x86.Build.0 = Release|Any CPU
		{A06BB5B9-E130-4870-9A6E-B222EA900A30}.Debug|Any CPU.ActiveCfg = Debug|Any CPU
		{A06BB5B9-E130-4870-9A6E-B222EA900A30}.Debug|Any CPU.Build.0 = Debug|Any CPU
		{A06BB5B9-E130-4870-9A6E-B222EA900A30}.Debug|x64.ActiveCfg = Debug|Any CPU
		{A06BB5B9-E130-4870-9A6E-B222EA900A30}.Debug|x64.Build.0 = Debug|Any CPU
		{A06BB5B9-E130-4870-9A6E-B222EA900A30}.Debug|x86.ActiveCfg = Debug|Any CPU
		{A06BB5B9-E130-4870-9A6E-B222EA900A30}.Debug|x86.Build.0 = Debug|Any CPU
		{A06BB5B9-E130-4870-9A6E-B222EA900A30}.Release|Any CPU.ActiveCfg = Release|Any CPU
		{A06BB5B9-E130-4870-9A6E-B222EA900A30}.Release|Any CPU.Build.0 = Release|Any CPU
		{A06BB5B9-E130-4870-9A6E-B222EA900A30}.Release|x64.ActiveCfg = Release|Any CPU
		{A06BB5B9-E130-4870-9A6E-B222EA900A30}.Release|x64.Build.0 = Release|Any CPU
		{A06BB5B9-E130-4870-9A6E-B222EA900A30}.Release|x86.ActiveCfg = Release|Any CPU
		{A06BB5B9-E130-4870-9A6E-B222EA900A30}.Release|x86.Build.0 = Release|Any CPU
		{BA6DBFAA-9CB7-4768-A7B6-14A548FD4F5A}.Debug|Any CPU.ActiveCfg = Debug|Any CPU
		{BA6DBFAA-9CB7-4768-A7B6-14A548FD4F5A}.Debug|Any CPU.Build.0 = Debug|Any CPU
		{BA6DBFAA-9CB7-4768-A7B6-14A548FD4F5A}.Debug|x64.ActiveCfg = Debug|Any CPU
		{BA6DBFAA-9CB7-4768-A7B6-14A548FD4F5A}.Debug|x64.Build.0 = Debug|Any CPU
		{BA6DBFAA-9CB7-4768-A7B6-14A548FD4F5A}.Debug|x86.ActiveCfg = Debug|Any CPU
		{BA6DBFAA-9CB7-4768-A7B6-14A548FD4F5A}.Debug|x86.Build.0 = Debug|Any CPU
		{BA6DBFAA-9CB7-4768-A7B6-14A548FD4F5A}.Release|Any CPU.ActiveCfg = Release|Any CPU
		{BA6DBFAA-9CB7-4768-A7B6-14A548FD4F5A}.Release|Any CPU.Build.0 = Release|Any CPU
		{BA6DBFAA-9CB7-4768-A7B6-14A548FD4F5A}.Release|x64.ActiveCfg = Release|Any CPU
		{BA6DBFAA-9CB7-4768-A7B6-14A548FD4F5A}.Release|x64.Build.0 = Release|Any CPU
		{BA6DBFAA-9CB7-4768-A7B6-14A548FD4F5A}.Release|x86.ActiveCfg = Release|Any CPU
		{BA6DBFAA-9CB7-4768-A7B6-14A548FD4F5A}.Release|x86.Build.0 = Release|Any CPU
		{D34E826E-F2C3-4D92-AC89-A36EB1F5F801}.Debug|Any CPU.ActiveCfg = Debug|Any CPU
		{D34E826E-F2C3-4D92-AC89-A36EB1F5F801}.Debug|Any CPU.Build.0 = Debug|Any CPU
		{D34E826E-F2C3-4D92-AC89-A36EB1F5F801}.Debug|x64.ActiveCfg = Debug|Any CPU
		{D34E826E-F2C3-4D92-AC89-A36EB1F5F801}.Debug|x64.Build.0 = Debug|Any CPU
		{D34E826E-F2C3-4D92-AC89-A36EB1F5F801}.Debug|x86.ActiveCfg = Debug|Any CPU
		{D34E826E-F2C3-4D92-AC89-A36EB1F5F801}.Debug|x86.Build.0 = Debug|Any CPU
		{D34E826E-F2C3-4D92-AC89-A36EB1F5F801}.Release|Any CPU.ActiveCfg = Release|Any CPU
		{D34E826E-F2C3-4D92-AC89-A36EB1F5F801}.Release|Any CPU.Build.0 = Release|Any CPU
		{D34E826E-F2C3-4D92-AC89-A36EB1F5F801}.Release|x64.ActiveCfg = Release|Any CPU
		{D34E826E-F2C3-4D92-AC89-A36EB1F5F801}.Release|x64.Build.0 = Release|Any CPU
		{D34E826E-F2C3-4D92-AC89-A36EB1F5F801}.Release|x86.ActiveCfg = Release|Any CPU
		{D34E826E-F2C3-4D92-AC89-A36EB1F5F801}.Release|x86.Build.0 = Release|Any CPU
		{2FF073D1-2089-4BA2-9CA9-918BE6AC6970}.Debug|Any CPU.ActiveCfg = Debug|Any CPU
		{2FF073D1-2089-4BA2-9CA9-918BE6AC6970}.Debug|Any CPU.Build.0 = Debug|Any CPU
		{2FF073D1-2089-4BA2-9CA9-918BE6AC6970}.Debug|x64.ActiveCfg = Debug|Any CPU
		{2FF073D1-2089-4BA2-9CA9-918BE6AC6970}.Debug|x64.Build.0 = Debug|Any CPU
		{2FF073D1-2089-4BA2-9CA9-918BE6AC6970}.Debug|x86.ActiveCfg = Debug|Any CPU
		{2FF073D1-2089-4BA2-9CA9-918BE6AC6970}.Debug|x86.Build.0 = Debug|Any CPU
		{2FF073D1-2089-4BA2-9CA9-918BE6AC6970}.Release|Any CPU.ActiveCfg = Release|Any CPU
		{2FF073D1-2089-4BA2-9CA9-918BE6AC6970}.Release|Any CPU.Build.0 = Release|Any CPU
		{2FF073D1-2089-4BA2-9CA9-918BE6AC6970}.Release|x64.ActiveCfg = Release|Any CPU
		{2FF073D1-2089-4BA2-9CA9-918BE6AC6970}.Release|x64.Build.0 = Release|Any CPU
		{2FF073D1-2089-4BA2-9CA9-918BE6AC6970}.Release|x86.ActiveCfg = Release|Any CPU
		{2FF073D1-2089-4BA2-9CA9-918BE6AC6970}.Release|x86.Build.0 = Release|Any CPU
		{53E196FD-3356-45EA-ACD3-CDEA84A5E5A1}.Debug|Any CPU.ActiveCfg = Debug|Any CPU
		{53E196FD-3356-45EA-ACD3-CDEA84A5E5A1}.Debug|Any CPU.Build.0 = Debug|Any CPU
		{53E196FD-3356-45EA-ACD3-CDEA84A5E5A1}.Debug|x64.ActiveCfg = Debug|Any CPU
		{53E196FD-3356-45EA-ACD3-CDEA84A5E5A1}.Debug|x64.Build.0 = Debug|Any CPU
		{53E196FD-3356-45EA-ACD3-CDEA84A5E5A1}.Debug|x86.ActiveCfg = Debug|Any CPU
		{53E196FD-3356-45EA-ACD3-CDEA84A5E5A1}.Debug|x86.Build.0 = Debug|Any CPU
		{53E196FD-3356-45EA-ACD3-CDEA84A5E5A1}.Release|Any CPU.ActiveCfg = Release|Any CPU
		{53E196FD-3356-45EA-ACD3-CDEA84A5E5A1}.Release|Any CPU.Build.0 = Release|Any CPU
		{53E196FD-3356-45EA-ACD3-CDEA84A5E5A1}.Release|x64.ActiveCfg = Release|Any CPU
		{53E196FD-3356-45EA-ACD3-CDEA84A5E5A1}.Release|x64.Build.0 = Release|Any CPU
		{53E196FD-3356-45EA-ACD3-CDEA84A5E5A1}.Release|x86.ActiveCfg = Release|Any CPU
		{53E196FD-3356-45EA-ACD3-CDEA84A5E5A1}.Release|x86.Build.0 = Release|Any CPU
		{2C4F2AFE-EECB-4C27-B28E-09FD0147A41A}.Debug|Any CPU.ActiveCfg = Debug|Any CPU
		{2C4F2AFE-EECB-4C27-B28E-09FD0147A41A}.Debug|Any CPU.Build.0 = Debug|Any CPU
		{2C4F2AFE-EECB-4C27-B28E-09FD0147A41A}.Debug|x64.ActiveCfg = Debug|Any CPU
		{2C4F2AFE-EECB-4C27-B28E-09FD0147A41A}.Debug|x64.Build.0 = Debug|Any CPU
		{2C4F2AFE-EECB-4C27-B28E-09FD0147A41A}.Debug|x86.ActiveCfg = Debug|Any CPU
		{2C4F2AFE-EECB-4C27-B28E-09FD0147A41A}.Debug|x86.Build.0 = Debug|Any CPU
		{2C4F2AFE-EECB-4C27-B28E-09FD0147A41A}.Release|Any CPU.ActiveCfg = Release|Any CPU
		{2C4F2AFE-EECB-4C27-B28E-09FD0147A41A}.Release|Any CPU.Build.0 = Release|Any CPU
		{2C4F2AFE-EECB-4C27-B28E-09FD0147A41A}.Release|x64.ActiveCfg = Release|Any CPU
		{2C4F2AFE-EECB-4C27-B28E-09FD0147A41A}.Release|x64.Build.0 = Release|Any CPU
		{2C4F2AFE-EECB-4C27-B28E-09FD0147A41A}.Release|x86.ActiveCfg = Release|Any CPU
		{2C4F2AFE-EECB-4C27-B28E-09FD0147A41A}.Release|x86.Build.0 = Release|Any CPU
		{063E4EC8-05EE-4134-AB10-2320B88EB0A7}.Debug|Any CPU.ActiveCfg = Debug|Any CPU
		{063E4EC8-05EE-4134-AB10-2320B88EB0A7}.Debug|Any CPU.Build.0 = Debug|Any CPU
		{063E4EC8-05EE-4134-AB10-2320B88EB0A7}.Debug|x64.ActiveCfg = Debug|Any CPU
		{063E4EC8-05EE-4134-AB10-2320B88EB0A7}.Debug|x64.Build.0 = Debug|Any CPU
		{063E4EC8-05EE-4134-AB10-2320B88EB0A7}.Debug|x86.ActiveCfg = Debug|Any CPU
		{063E4EC8-05EE-4134-AB10-2320B88EB0A7}.Debug|x86.Build.0 = Debug|Any CPU
		{063E4EC8-05EE-4134-AB10-2320B88EB0A7}.Release|Any CPU.ActiveCfg = Release|Any CPU
		{063E4EC8-05EE-4134-AB10-2320B88EB0A7}.Release|Any CPU.Build.0 = Release|Any CPU
		{063E4EC8-05EE-4134-AB10-2320B88EB0A7}.Release|x64.ActiveCfg = Release|Any CPU
		{063E4EC8-05EE-4134-AB10-2320B88EB0A7}.Release|x64.Build.0 = Release|Any CPU
		{063E4EC8-05EE-4134-AB10-2320B88EB0A7}.Release|x86.ActiveCfg = Release|Any CPU
		{063E4EC8-05EE-4134-AB10-2320B88EB0A7}.Release|x86.Build.0 = Release|Any CPU
		{1D2E550F-BCF0-4FC2-B74B-A50988D04229}.Debug|Any CPU.ActiveCfg = Debug|Any CPU
		{1D2E550F-BCF0-4FC2-B74B-A50988D04229}.Debug|Any CPU.Build.0 = Debug|Any CPU
		{1D2E550F-BCF0-4FC2-B74B-A50988D04229}.Debug|x64.ActiveCfg = Debug|Any CPU
		{1D2E550F-BCF0-4FC2-B74B-A50988D04229}.Debug|x64.Build.0 = Debug|Any CPU
		{1D2E550F-BCF0-4FC2-B74B-A50988D04229}.Debug|x86.ActiveCfg = Debug|Any CPU
		{1D2E550F-BCF0-4FC2-B74B-A50988D04229}.Debug|x86.Build.0 = Debug|Any CPU
		{1D2E550F-BCF0-4FC2-B74B-A50988D04229}.Release|Any CPU.ActiveCfg = Release|Any CPU
		{1D2E550F-BCF0-4FC2-B74B-A50988D04229}.Release|Any CPU.Build.0 = Release|Any CPU
		{1D2E550F-BCF0-4FC2-B74B-A50988D04229}.Release|x64.ActiveCfg = Release|Any CPU
		{1D2E550F-BCF0-4FC2-B74B-A50988D04229}.Release|x64.Build.0 = Release|Any CPU
		{1D2E550F-BCF0-4FC2-B74B-A50988D04229}.Release|x86.ActiveCfg = Release|Any CPU
		{1D2E550F-BCF0-4FC2-B74B-A50988D04229}.Release|x86.Build.0 = Release|Any CPU
		{319870ED-F42D-4089-BE2B-C6138D67E531}.Debug|Any CPU.ActiveCfg = Debug|Any CPU
		{319870ED-F42D-4089-BE2B-C6138D67E531}.Debug|Any CPU.Build.0 = Debug|Any CPU
		{319870ED-F42D-4089-BE2B-C6138D67E531}.Debug|x64.ActiveCfg = Debug|Any CPU
		{319870ED-F42D-4089-BE2B-C6138D67E531}.Debug|x64.Build.0 = Debug|Any CPU
		{319870ED-F42D-4089-BE2B-C6138D67E531}.Debug|x86.ActiveCfg = Debug|Any CPU
		{319870ED-F42D-4089-BE2B-C6138D67E531}.Debug|x86.Build.0 = Debug|Any CPU
		{319870ED-F42D-4089-BE2B-C6138D67E531}.Release|Any CPU.ActiveCfg = Release|Any CPU
		{319870ED-F42D-4089-BE2B-C6138D67E531}.Release|Any CPU.Build.0 = Release|Any CPU
		{319870ED-F42D-4089-BE2B-C6138D67E531}.Release|x64.ActiveCfg = Release|Any CPU
		{319870ED-F42D-4089-BE2B-C6138D67E531}.Release|x64.Build.0 = Release|Any CPU
		{319870ED-F42D-4089-BE2B-C6138D67E531}.Release|x86.ActiveCfg = Release|Any CPU
		{319870ED-F42D-4089-BE2B-C6138D67E531}.Release|x86.Build.0 = Release|Any CPU
		{CF033B84-95AC-4250-BF8A-4D615429F3EB}.Debug|Any CPU.ActiveCfg = Debug|Any CPU
		{CF033B84-95AC-4250-BF8A-4D615429F3EB}.Debug|Any CPU.Build.0 = Debug|Any CPU
		{CF033B84-95AC-4250-BF8A-4D615429F3EB}.Debug|x64.ActiveCfg = Debug|Any CPU
		{CF033B84-95AC-4250-BF8A-4D615429F3EB}.Debug|x64.Build.0 = Debug|Any CPU
		{CF033B84-95AC-4250-BF8A-4D615429F3EB}.Debug|x86.ActiveCfg = Debug|Any CPU
		{CF033B84-95AC-4250-BF8A-4D615429F3EB}.Debug|x86.Build.0 = Debug|Any CPU
		{CF033B84-95AC-4250-BF8A-4D615429F3EB}.Release|Any CPU.ActiveCfg = Release|Any CPU
		{CF033B84-95AC-4250-BF8A-4D615429F3EB}.Release|Any CPU.Build.0 = Release|Any CPU
		{CF033B84-95AC-4250-BF8A-4D615429F3EB}.Release|x64.ActiveCfg = Release|Any CPU
		{CF033B84-95AC-4250-BF8A-4D615429F3EB}.Release|x64.Build.0 = Release|Any CPU
		{CF033B84-95AC-4250-BF8A-4D615429F3EB}.Release|x86.ActiveCfg = Release|Any CPU
		{CF033B84-95AC-4250-BF8A-4D615429F3EB}.Release|x86.Build.0 = Release|Any CPU
		{CDFF821D-EB6F-4622-821D-F6AD1E5F7F4B}.Debug|Any CPU.ActiveCfg = Debug|Any CPU
		{CDFF821D-EB6F-4622-821D-F6AD1E5F7F4B}.Debug|Any CPU.Build.0 = Debug|Any CPU
		{CDFF821D-EB6F-4622-821D-F6AD1E5F7F4B}.Debug|x64.ActiveCfg = Debug|Any CPU
		{CDFF821D-EB6F-4622-821D-F6AD1E5F7F4B}.Debug|x64.Build.0 = Debug|Any CPU
		{CDFF821D-EB6F-4622-821D-F6AD1E5F7F4B}.Debug|x86.ActiveCfg = Debug|Any CPU
		{CDFF821D-EB6F-4622-821D-F6AD1E5F7F4B}.Debug|x86.Build.0 = Debug|Any CPU
		{CDFF821D-EB6F-4622-821D-F6AD1E5F7F4B}.Release|Any CPU.ActiveCfg = Release|Any CPU
		{CDFF821D-EB6F-4622-821D-F6AD1E5F7F4B}.Release|Any CPU.Build.0 = Release|Any CPU
		{CDFF821D-EB6F-4622-821D-F6AD1E5F7F4B}.Release|x64.ActiveCfg = Release|Any CPU
		{CDFF821D-EB6F-4622-821D-F6AD1E5F7F4B}.Release|x64.Build.0 = Release|Any CPU
		{CDFF821D-EB6F-4622-821D-F6AD1E5F7F4B}.Release|x86.ActiveCfg = Release|Any CPU
		{CDFF821D-EB6F-4622-821D-F6AD1E5F7F4B}.Release|x86.Build.0 = Release|Any CPU
		{495D6005-C265-4D3B-8E90-DFDE60D2EDAA}.Debug|Any CPU.ActiveCfg = Debug|Any CPU
		{495D6005-C265-4D3B-8E90-DFDE60D2EDAA}.Debug|Any CPU.Build.0 = Debug|Any CPU
		{495D6005-C265-4D3B-8E90-DFDE60D2EDAA}.Debug|x64.ActiveCfg = Debug|Any CPU
		{495D6005-C265-4D3B-8E90-DFDE60D2EDAA}.Debug|x64.Build.0 = Debug|Any CPU
		{495D6005-C265-4D3B-8E90-DFDE60D2EDAA}.Debug|x86.ActiveCfg = Debug|Any CPU
		{495D6005-C265-4D3B-8E90-DFDE60D2EDAA}.Debug|x86.Build.0 = Debug|Any CPU
		{495D6005-C265-4D3B-8E90-DFDE60D2EDAA}.Release|Any CPU.ActiveCfg = Release|Any CPU
		{495D6005-C265-4D3B-8E90-DFDE60D2EDAA}.Release|Any CPU.Build.0 = Release|Any CPU
		{495D6005-C265-4D3B-8E90-DFDE60D2EDAA}.Release|x64.ActiveCfg = Release|Any CPU
		{495D6005-C265-4D3B-8E90-DFDE60D2EDAA}.Release|x64.Build.0 = Release|Any CPU
		{495D6005-C265-4D3B-8E90-DFDE60D2EDAA}.Release|x86.ActiveCfg = Release|Any CPU
		{495D6005-C265-4D3B-8E90-DFDE60D2EDAA}.Release|x86.Build.0 = Release|Any CPU
		{57D00261-2BA7-467B-A890-5F78E32122DC}.Debug|Any CPU.ActiveCfg = Debug|Any CPU
		{57D00261-2BA7-467B-A890-5F78E32122DC}.Debug|Any CPU.Build.0 = Debug|Any CPU
		{57D00261-2BA7-467B-A890-5F78E32122DC}.Debug|x64.ActiveCfg = Debug|Any CPU
		{57D00261-2BA7-467B-A890-5F78E32122DC}.Debug|x64.Build.0 = Debug|Any CPU
		{57D00261-2BA7-467B-A890-5F78E32122DC}.Debug|x86.ActiveCfg = Debug|Any CPU
		{57D00261-2BA7-467B-A890-5F78E32122DC}.Debug|x86.Build.0 = Debug|Any CPU
		{57D00261-2BA7-467B-A890-5F78E32122DC}.Release|Any CPU.ActiveCfg = Release|Any CPU
		{57D00261-2BA7-467B-A890-5F78E32122DC}.Release|Any CPU.Build.0 = Release|Any CPU
		{57D00261-2BA7-467B-A890-5F78E32122DC}.Release|x64.ActiveCfg = Release|Any CPU
		{57D00261-2BA7-467B-A890-5F78E32122DC}.Release|x64.Build.0 = Release|Any CPU
		{57D00261-2BA7-467B-A890-5F78E32122DC}.Release|x86.ActiveCfg = Release|Any CPU
		{57D00261-2BA7-467B-A890-5F78E32122DC}.Release|x86.Build.0 = Release|Any CPU
		{9BBCA112-32B2-4515-9752-0146F251A377}.Debug|Any CPU.ActiveCfg = Debug|Any CPU
		{9BBCA112-32B2-4515-9752-0146F251A377}.Debug|Any CPU.Build.0 = Debug|Any CPU
		{9BBCA112-32B2-4515-9752-0146F251A377}.Debug|x64.ActiveCfg = Debug|Any CPU
		{9BBCA112-32B2-4515-9752-0146F251A377}.Debug|x64.Build.0 = Debug|Any CPU
		{9BBCA112-32B2-4515-9752-0146F251A377}.Debug|x86.ActiveCfg = Debug|Any CPU
		{9BBCA112-32B2-4515-9752-0146F251A377}.Debug|x86.Build.0 = Debug|Any CPU
		{9BBCA112-32B2-4515-9752-0146F251A377}.Release|Any CPU.ActiveCfg = Release|Any CPU
		{9BBCA112-32B2-4515-9752-0146F251A377}.Release|Any CPU.Build.0 = Release|Any CPU
		{9BBCA112-32B2-4515-9752-0146F251A377}.Release|x64.ActiveCfg = Release|Any CPU
		{9BBCA112-32B2-4515-9752-0146F251A377}.Release|x64.Build.0 = Release|Any CPU
		{9BBCA112-32B2-4515-9752-0146F251A377}.Release|x86.ActiveCfg = Release|Any CPU
		{9BBCA112-32B2-4515-9752-0146F251A377}.Release|x86.Build.0 = Release|Any CPU
		{BAC4EBFB-4F0F-4770-9408-3748EF27AC17}.Debug|Any CPU.ActiveCfg = Debug|Any CPU
		{BAC4EBFB-4F0F-4770-9408-3748EF27AC17}.Debug|Any CPU.Build.0 = Debug|Any CPU
		{BAC4EBFB-4F0F-4770-9408-3748EF27AC17}.Debug|x64.ActiveCfg = Debug|Any CPU
		{BAC4EBFB-4F0F-4770-9408-3748EF27AC17}.Debug|x64.Build.0 = Debug|Any CPU
		{BAC4EBFB-4F0F-4770-9408-3748EF27AC17}.Debug|x86.ActiveCfg = Debug|Any CPU
		{BAC4EBFB-4F0F-4770-9408-3748EF27AC17}.Debug|x86.Build.0 = Debug|Any CPU
		{BAC4EBFB-4F0F-4770-9408-3748EF27AC17}.Release|Any CPU.ActiveCfg = Release|Any CPU
		{BAC4EBFB-4F0F-4770-9408-3748EF27AC17}.Release|Any CPU.Build.0 = Release|Any CPU
		{BAC4EBFB-4F0F-4770-9408-3748EF27AC17}.Release|x64.ActiveCfg = Release|Any CPU
		{BAC4EBFB-4F0F-4770-9408-3748EF27AC17}.Release|x64.Build.0 = Release|Any CPU
		{BAC4EBFB-4F0F-4770-9408-3748EF27AC17}.Release|x86.ActiveCfg = Release|Any CPU
		{BAC4EBFB-4F0F-4770-9408-3748EF27AC17}.Release|x86.Build.0 = Release|Any CPU
		{70BFCFDD-7DB4-4875-9933-21229B4D8D8D}.Debug|Any CPU.ActiveCfg = Debug|Any CPU
		{70BFCFDD-7DB4-4875-9933-21229B4D8D8D}.Debug|Any CPU.Build.0 = Debug|Any CPU
		{70BFCFDD-7DB4-4875-9933-21229B4D8D8D}.Debug|x64.ActiveCfg = Debug|Any CPU
		{70BFCFDD-7DB4-4875-9933-21229B4D8D8D}.Debug|x64.Build.0 = Debug|Any CPU
		{70BFCFDD-7DB4-4875-9933-21229B4D8D8D}.Debug|x86.ActiveCfg = Debug|Any CPU
		{70BFCFDD-7DB4-4875-9933-21229B4D8D8D}.Debug|x86.Build.0 = Debug|Any CPU
		{70BFCFDD-7DB4-4875-9933-21229B4D8D8D}.Release|Any CPU.ActiveCfg = Release|Any CPU
		{70BFCFDD-7DB4-4875-9933-21229B4D8D8D}.Release|Any CPU.Build.0 = Release|Any CPU
		{70BFCFDD-7DB4-4875-9933-21229B4D8D8D}.Release|x64.ActiveCfg = Release|Any CPU
		{70BFCFDD-7DB4-4875-9933-21229B4D8D8D}.Release|x64.Build.0 = Release|Any CPU
		{70BFCFDD-7DB4-4875-9933-21229B4D8D8D}.Release|x86.ActiveCfg = Release|Any CPU
		{70BFCFDD-7DB4-4875-9933-21229B4D8D8D}.Release|x86.Build.0 = Release|Any CPU
		{83B6F2DC-0358-4720-9CBD-36027D988228}.Debug|Any CPU.ActiveCfg = Debug|Any CPU
		{83B6F2DC-0358-4720-9CBD-36027D988228}.Debug|Any CPU.Build.0 = Debug|Any CPU
		{83B6F2DC-0358-4720-9CBD-36027D988228}.Debug|x64.ActiveCfg = Debug|Any CPU
		{83B6F2DC-0358-4720-9CBD-36027D988228}.Debug|x64.Build.0 = Debug|Any CPU
		{83B6F2DC-0358-4720-9CBD-36027D988228}.Debug|x86.ActiveCfg = Debug|Any CPU
		{83B6F2DC-0358-4720-9CBD-36027D988228}.Debug|x86.Build.0 = Debug|Any CPU
		{83B6F2DC-0358-4720-9CBD-36027D988228}.Release|Any CPU.ActiveCfg = Release|Any CPU
		{83B6F2DC-0358-4720-9CBD-36027D988228}.Release|Any CPU.Build.0 = Release|Any CPU
		{83B6F2DC-0358-4720-9CBD-36027D988228}.Release|x64.ActiveCfg = Release|Any CPU
		{83B6F2DC-0358-4720-9CBD-36027D988228}.Release|x64.Build.0 = Release|Any CPU
		{83B6F2DC-0358-4720-9CBD-36027D988228}.Release|x86.ActiveCfg = Release|Any CPU
		{83B6F2DC-0358-4720-9CBD-36027D988228}.Release|x86.Build.0 = Release|Any CPU
		{86ED3702-826C-4D74-99F4-830C8F66923A}.Debug|Any CPU.ActiveCfg = Debug|Any CPU
		{86ED3702-826C-4D74-99F4-830C8F66923A}.Debug|Any CPU.Build.0 = Debug|Any CPU
		{86ED3702-826C-4D74-99F4-830C8F66923A}.Debug|x64.ActiveCfg = Debug|Any CPU
		{86ED3702-826C-4D74-99F4-830C8F66923A}.Debug|x64.Build.0 = Debug|Any CPU
		{86ED3702-826C-4D74-99F4-830C8F66923A}.Debug|x86.ActiveCfg = Debug|Any CPU
		{86ED3702-826C-4D74-99F4-830C8F66923A}.Debug|x86.Build.0 = Debug|Any CPU
		{86ED3702-826C-4D74-99F4-830C8F66923A}.Release|Any CPU.ActiveCfg = Release|Any CPU
		{86ED3702-826C-4D74-99F4-830C8F66923A}.Release|Any CPU.Build.0 = Release|Any CPU
		{86ED3702-826C-4D74-99F4-830C8F66923A}.Release|x64.ActiveCfg = Release|Any CPU
		{86ED3702-826C-4D74-99F4-830C8F66923A}.Release|x64.Build.0 = Release|Any CPU
		{86ED3702-826C-4D74-99F4-830C8F66923A}.Release|x86.ActiveCfg = Release|Any CPU
		{86ED3702-826C-4D74-99F4-830C8F66923A}.Release|x86.Build.0 = Release|Any CPU
		{DF2CCA78-AEA9-4425-9160-A4487C8AB70E}.Debug|Any CPU.ActiveCfg = Debug|Any CPU
		{DF2CCA78-AEA9-4425-9160-A4487C8AB70E}.Debug|Any CPU.Build.0 = Debug|Any CPU
		{DF2CCA78-AEA9-4425-9160-A4487C8AB70E}.Debug|x64.ActiveCfg = Debug|Any CPU
		{DF2CCA78-AEA9-4425-9160-A4487C8AB70E}.Debug|x64.Build.0 = Debug|Any CPU
		{DF2CCA78-AEA9-4425-9160-A4487C8AB70E}.Debug|x86.ActiveCfg = Debug|Any CPU
		{DF2CCA78-AEA9-4425-9160-A4487C8AB70E}.Debug|x86.Build.0 = Debug|Any CPU
		{DF2CCA78-AEA9-4425-9160-A4487C8AB70E}.Release|Any CPU.ActiveCfg = Release|Any CPU
		{DF2CCA78-AEA9-4425-9160-A4487C8AB70E}.Release|Any CPU.Build.0 = Release|Any CPU
		{DF2CCA78-AEA9-4425-9160-A4487C8AB70E}.Release|x64.ActiveCfg = Release|Any CPU
		{DF2CCA78-AEA9-4425-9160-A4487C8AB70E}.Release|x64.Build.0 = Release|Any CPU
		{DF2CCA78-AEA9-4425-9160-A4487C8AB70E}.Release|x86.ActiveCfg = Release|Any CPU
		{DF2CCA78-AEA9-4425-9160-A4487C8AB70E}.Release|x86.Build.0 = Release|Any CPU
	EndGlobalSection
	GlobalSection(SolutionProperties) = preSolution
		HideSolutionNode = FALSE
	EndGlobalSection
	GlobalSection(NestedProjects) = preSolution
		{E62A732B-740E-479A-918C-17BE95374A7A} = {881589EE-639B-0A35-DBCE-5D94E4FC90C0}
		{9E9073C7-139D-4AFC-808D-C2E39AFD04E4} = {C9700E2F-F6F1-A264-19EE-D9EB5C62093D}
		{45B13D8B-5B81-49C3-82D3-C6295D0DFBCF} = {C9700E2F-F6F1-A264-19EE-D9EB5C62093D}
		{9D259784-603E-4F96-A2E4-360E291D1D6C} = {C9700E2F-F6F1-A264-19EE-D9EB5C62093D}
		{A37158B5-8404-4E04-B63F-EA26B237FD42} = {EEFA252F-3CE0-C131-3F8C-AF1C5E35DF91}
		{37DF7393-B6F0-45CA-B436-ED84B6D6B107} = {188FE78A-9273-6FA7-91AA-4C340983034C}
		{0039A67F-3F7A-428F-A63F-F5AC7CE75ADF} = {188FE78A-9273-6FA7-91AA-4C340983034C}
		{6A17E833-F897-4075-A9E6-CFED5AED1858} = {188FE78A-9273-6FA7-91AA-4C340983034C}
		{FEE4A8EC-B1FB-4F40-A833-0AEE08B1DDA5} = {C9700E2F-F6F1-A264-19EE-D9EB5C62093D}
		{6F05EB9E-8CFE-4BD8-9E34-893D4F13DD10} = {C9700E2F-F6F1-A264-19EE-D9EB5C62093D}
		{E86B329B-216B-4261-A730-2F310059ADCC} = {EEFA252F-3CE0-C131-3F8C-AF1C5E35DF91}
		{AE3BB780-FD58-476F-B1BE-3CA147773E28} = {EEFA252F-3CE0-C131-3F8C-AF1C5E35DF91}
		{98BD15E6-71A0-45FB-AD6B-6B634C7B4B24} = {188FE78A-9273-6FA7-91AA-4C340983034C}
		{4C49A93B-86F9-4064-AE84-E205A3290640} = {188FE78A-9273-6FA7-91AA-4C340983034C}
		{F36EF875-752F-446E-9A03-9711B262F220} = {C9700E2F-F6F1-A264-19EE-D9EB5C62093D}
		{A06BB5B9-E130-4870-9A6E-B222EA900A30} = {C9700E2F-F6F1-A264-19EE-D9EB5C62093D}
		{BA6DBFAA-9CB7-4768-A7B6-14A548FD4F5A} = {C9700E2F-F6F1-A264-19EE-D9EB5C62093D}
		{D34E826E-F2C3-4D92-AC89-A36EB1F5F801} = {C9700E2F-F6F1-A264-19EE-D9EB5C62093D}
		{2FF073D1-2089-4BA2-9CA9-918BE6AC6970} = {EEFA252F-3CE0-C131-3F8C-AF1C5E35DF91}
		{53E196FD-3356-45EA-ACD3-CDEA84A5E5A1} = {EEFA252F-3CE0-C131-3F8C-AF1C5E35DF91}
		{2C4F2AFE-EECB-4C27-B28E-09FD0147A41A} = {C9700E2F-F6F1-A264-19EE-D9EB5C62093D}
		{063E4EC8-05EE-4134-AB10-2320B88EB0A7} = {C9700E2F-F6F1-A264-19EE-D9EB5C62093D}
		{1D2E550F-BCF0-4FC2-B74B-A50988D04229} = {C9700E2F-F6F1-A264-19EE-D9EB5C62093D}
		{319870ED-F42D-4089-BE2B-C6138D67E531} = {C9700E2F-F6F1-A264-19EE-D9EB5C62093D}
		{CF033B84-95AC-4250-BF8A-4D615429F3EB} = {EEFA252F-3CE0-C131-3F8C-AF1C5E35DF91}
		{CDFF821D-EB6F-4622-821D-F6AD1E5F7F4B} = {C9700E2F-F6F1-A264-19EE-D9EB5C62093D}
		{495D6005-C265-4D3B-8E90-DFDE60D2EDAA} = {C9700E2F-F6F1-A264-19EE-D9EB5C62093D}
		{57D00261-2BA7-467B-A890-5F78E32122DC} = {C9700E2F-F6F1-A264-19EE-D9EB5C62093D}
		{9BBCA112-32B2-4515-9752-0146F251A377} = {C9700E2F-F6F1-A264-19EE-D9EB5C62093D}
		{BAC4EBFB-4F0F-4770-9408-3748EF27AC17} = {C9700E2F-F6F1-A264-19EE-D9EB5C62093D}
		{70BFCFDD-7DB4-4875-9933-21229B4D8D8D} = {EEFA252F-3CE0-C131-3F8C-AF1C5E35DF91}
		{83B6F2DC-0358-4720-9CBD-36027D988228} = {C9700E2F-F6F1-A264-19EE-D9EB5C62093D}
		{86ED3702-826C-4D74-99F4-830C8F66923A} = {EEFA252F-3CE0-C131-3F8C-AF1C5E35DF91}
		{DF2CCA78-AEA9-4425-9160-A4487C8AB70E} = {C9700E2F-F6F1-A264-19EE-D9EB5C62093D}
	EndGlobalSection
EndGlobal
